// !$*UTF8*$!
{
	archiveVersion = 1;
	classes = {
	};
	objectVersion = 46;
	objects = {

/* Begin PBXBuildFile section */
		74198F5519C5DADA00927C4C /* main.cpp in Sources */ = {isa = PBXBuildFile; fileRef = 74198F5419C5DADA00927C4C /* main.cpp */; };
		74198F5719C5DADA00927C4C /* Makefile in Sources */ = {isa = PBXBuildFile; fileRef = 74198F5619C5DADA00927C4C /* Makefile */; };
		74198F8D19C5DADA00927C4C /* complisimple.cpp in Sources */ = {isa = PBXBuildFile; fileRef = 74198F8C19C5DADA00927C4C /* complisimple.cpp */; };
/* End PBXBuildFile section */

/* Begin PBXFileReference section */
		74198F5119C5DADA00927C4C /* Index */ = {isa = PBXFileReference; explicitFileType = "compiled.mach-o.executable"; includeInIndex = 0; path = Index; sourceTree = BUILT_PRODUCTS_DIR; };
		74198F5419C5DADA00927C4C /* main.cpp */ = {isa = PBXFileReference; lastKnownFileType = sourcecode.cpp.cpp; path = main.cpp; sourceTree = "<group>"; };
		74198F5619C5DADA00927C4C /* Makefile */ = {isa = PBXFileReference; lastKnownFileType = sourcecode.make; path = Makefile; sourceTree = "<group>"; xcLanguageSpecificationIdentifier = xcode.lang.simpleColoring; };
		74198F5919C5DADA00927C4C /* Sketchbook.txt */ = {isa = PBXFileReference; lastKnownFileType = text; name = Sketchbook.txt; path = Sketchbook/Sketchbook.txt; sourceTree = "<group>"; };
		74198F5B19C5DADA00927C4C /* Arduino Due.xcconfig */ = {isa = PBXFileReference; lastKnownFileType = text.xcconfig; name = "Arduino Due.xcconfig"; path = "Configurations/Arduino Due.xcconfig"; sourceTree = "<group>"; };
		74198F5C19C5DADA00927C4C /* Arduino Duemilanove.xcconfig */ = {isa = PBXFileReference; lastKnownFileType = text.xcconfig; name = "Arduino Duemilanove.xcconfig"; path = "Configurations/Arduino Duemilanove.xcconfig"; sourceTree = "<group>"; };
		74198F5D19C5DADA00927C4C /* Arduino Leonardo.xcconfig */ = {isa = PBXFileReference; lastKnownFileType = text.xcconfig; name = "Arduino Leonardo.xcconfig"; path = "Configurations/Arduino Leonardo.xcconfig"; sourceTree = "<group>"; };
		74198F5E19C5DADA00927C4C /* Arduino Mega 2560.xcconfig */ = {isa = PBXFileReference; lastKnownFileType = text.xcconfig; name = "Arduino Mega 2560.xcconfig"; path = "Configurations/Arduino Mega 2560.xcconfig"; sourceTree = "<group>"; };
		74198F5F19C5DADA00927C4C /* Arduino Micro.xcconfig */ = {isa = PBXFileReference; lastKnownFileType = text.xcconfig; name = "Arduino Micro.xcconfig"; path = "Configurations/Arduino Micro.xcconfig"; sourceTree = "<group>"; };
		74198F6019C5DADA00927C4C /* Arduino Pro with ATmega328-3.3V.xcconfig */ = {isa = PBXFileReference; lastKnownFileType = text.xcconfig; name = "Arduino Pro with ATmega328-3.3V.xcconfig"; path = "Configurations/Arduino Pro with ATmega328-3.3V.xcconfig"; sourceTree = "<group>"; };
		74198F6119C5DADA00927C4C /* Arduino Pro with ATmega328-5V.xcconfig */ = {isa = PBXFileReference; lastKnownFileType = text.xcconfig; name = "Arduino Pro with ATmega328-5V.xcconfig"; path = "Configurations/Arduino Pro with ATmega328-5V.xcconfig"; sourceTree = "<group>"; };
		74198F6219C5DADA00927C4C /* Arduino Mini with ATmega168.xcconfig */ = {isa = PBXFileReference; lastKnownFileType = text.xcconfig; name = "Arduino Mini with ATmega168.xcconfig"; path = "Configurations/Arduino Mini with ATmega168.xcconfig"; sourceTree = "<group>"; };
		74198F6319C5DADA00927C4C /* Arduino Mini with ATmega328.xcconfig */ = {isa = PBXFileReference; lastKnownFileType = text.xcconfig; name = "Arduino Mini with ATmega328.xcconfig"; path = "Configurations/Arduino Mini with ATmega328.xcconfig"; sourceTree = "<group>"; };
		74198F6419C5DADA00927C4C /* Arduino Nano with ATmega168.xcconfig */ = {isa = PBXFileReference; lastKnownFileType = text.xcconfig; name = "Arduino Nano with ATmega168.xcconfig"; path = "Configurations/Arduino Nano with ATmega168.xcconfig"; sourceTree = "<group>"; };
		74198F6519C5DADA00927C4C /* Arduino Nano with ATmega328.xcconfig */ = {isa = PBXFileReference; lastKnownFileType = text.xcconfig; name = "Arduino Nano with ATmega328.xcconfig"; path = "Configurations/Arduino Nano with ATmega328.xcconfig"; sourceTree = "<group>"; };
		74198F6619C5DADA00927C4C /* Arduino Robot Control.xcconfig */ = {isa = PBXFileReference; lastKnownFileType = text.xcconfig; name = "Arduino Robot Control.xcconfig"; path = "Configurations/Arduino Robot Control.xcconfig"; sourceTree = "<group>"; };
		74198F6719C5DADA00927C4C /* Arduino Robot Motor.xcconfig */ = {isa = PBXFileReference; lastKnownFileType = text.xcconfig; name = "Arduino Robot Motor.xcconfig"; path = "Configurations/Arduino Robot Motor.xcconfig"; sourceTree = "<group>"; };
		74198F6819C5DADA00927C4C /* Arduino Uno.xcconfig */ = {isa = PBXFileReference; lastKnownFileType = text.xcconfig; name = "Arduino Uno.xcconfig"; path = "Configurations/Arduino Uno.xcconfig"; sourceTree = "<group>"; };
		74198F6919C5DADA00927C4C /* Arduino Uno (USBtinyISP).xcconfig */ = {isa = PBXFileReference; lastKnownFileType = text.xcconfig; name = "Arduino Uno (USBtinyISP).xcconfig"; path = "Configurations/Arduino Uno (USBtinyISP).xcconfig"; sourceTree = "<group>"; };
		74198F6A19C5DADA00927C4C /* Arduino Yun.xcconfig */ = {isa = PBXFileReference; lastKnownFileType = text.xcconfig; name = "Arduino Yun.xcconfig"; path = "Configurations/Arduino Yun.xcconfig"; sourceTree = "<group>"; };
		74198F6B19C5DADA00927C4C /* Arduino Yun (WiFi Ethernet).xcconfig */ = {isa = PBXFileReference; lastKnownFileType = text.xcconfig; name = "Arduino Yun (WiFi Ethernet).xcconfig"; path = "Configurations/Arduino Yun (WiFi Ethernet).xcconfig"; sourceTree = "<group>"; };
		74198F6C19C5DADA00927C4C /* Intel Galileo.xcconfig */ = {isa = PBXFileReference; lastKnownFileType = text.xcconfig; name = "Intel Galileo.xcconfig"; path = "Configurations/Intel Galileo.xcconfig"; sourceTree = "<group>"; };
		74198F6D19C5DADA00927C4C /* Intel Galileo Gen2.xcconfig */ = {isa = PBXFileReference; lastKnownFileType = text.xcconfig; name = "Intel Galileo Gen2.xcconfig"; path = "Configurations/Intel Galileo Gen2.xcconfig"; sourceTree = "<group>"; };
		74198F6E19C5DADA00927C4C /* My Board.xcconfig */ = {isa = PBXFileReference; lastKnownFileType = text.xcconfig; name = "My Board.xcconfig"; path = "Configurations/My Board.xcconfig"; sourceTree = "<group>"; };
		74198F7019C5DADA00927C4C /* Arduino.mk */ = {isa = PBXFileReference; lastKnownFileType = text; name = Arduino.mk; path = Makefiles/Arduino.mk; sourceTree = "<group>"; };
		74198F7119C5DADA00927C4C /* Arduino1.mk */ = {isa = PBXFileReference; lastKnownFileType = text; name = Arduino1.mk; path = Makefiles/Arduino1.mk; sourceTree = "<group>"; };
		74198F7219C5DADA00927C4C /* Arduino15avr.mk */ = {isa = PBXFileReference; lastKnownFileType = text; name = Arduino15avr.mk; path = Makefiles/Arduino15avr.mk; sourceTree = "<group>"; };
		74198F7319C5DADA00927C4C /* Arduino15sam.mk */ = {isa = PBXFileReference; lastKnownFileType = text; name = Arduino15sam.mk; path = Makefiles/Arduino15sam.mk; sourceTree = "<group>"; };
		74198F7419C5DADA00927C4C /* Arduino23.mk */ = {isa = PBXFileReference; lastKnownFileType = text; name = Arduino23.mk; path = Makefiles/Arduino23.mk; sourceTree = "<group>"; };
		74198F7519C5DADA00927C4C /* Galileo.mk */ = {isa = PBXFileReference; lastKnownFileType = text; name = Galileo.mk; path = Makefiles/Galileo.mk; sourceTree = "<group>"; };
		74198F7619C5DADA00927C4C /* Step1.mk */ = {isa = PBXFileReference; lastKnownFileType = text; name = Step1.mk; path = Makefiles/Step1.mk; sourceTree = "<group>"; };
		74198F7719C5DADA00927C4C /* Step2.mk */ = {isa = PBXFileReference; lastKnownFileType = text; name = Step2.mk; path = Makefiles/Step2.mk; sourceTree = "<group>"; };
		74198F7819C5DADA00927C4C /* Avrdude.mk */ = {isa = PBXFileReference; lastKnownFileType = text; name = Avrdude.mk; path = Makefiles/Avrdude.mk; sourceTree = "<group>"; };
		74198F7919C5DADA00927C4C /* Doxygen.mk */ = {isa = PBXFileReference; lastKnownFileType = text; name = Doxygen.mk; path = Makefiles/Doxygen.mk; sourceTree = "<group>"; };
		74198F7A19C5DADA00927C4C /* ReadMe.txt */ = {isa = PBXFileReference; lastKnownFileType = text; path = ReadMe.txt; sourceTree = "<group>"; };
		74198F7C19C5DADA00927C4C /* About.txt */ = {isa = PBXFileReference; lastKnownFileType = text; name = About.txt; path = About/About.txt; sourceTree = "<group>"; };
		74198F7E19C5DADA00927C4C /* reset.py */ = {isa = PBXFileReference; lastKnownFileType = text.script.python; name = reset.py; path = Utilities/reset.py; sourceTree = "<group>"; };
		74198F7F19C5DADA00927C4C /* serial1200.py */ = {isa = PBXFileReference; lastKnownFileType = text.script.python; name = serial1200.py; path = Utilities/serial1200.py; sourceTree = "<group>"; };
		74198F8019C5DADA00927C4C /* sshpass */ = {isa = PBXFileReference; lastKnownFileType = "compiled.mach-o.executable"; name = sshpass; path = Utilities/sshpass; sourceTree = "<group>"; };
		74198F8119C5DADA00927C4C /* pdf.sh */ = {isa = PBXFileReference; lastKnownFileType = text.script.sh; name = pdf.sh; path = Utilities/pdf.sh; sourceTree = "<group>"; };
		74198F8219C5DADA00927C4C /* dist.sh */ = {isa = PBXFileReference; lastKnownFileType = text.script.sh; name = dist.sh; path = Utilities/dist.sh; sourceTree = "<group>"; };
		74198F8319C5DADA00927C4C /* doxyfile */ = {isa = PBXFileReference; lastKnownFileType = text; name = doxyfile; path = Utilities/doxyfile; sourceTree = "<group>"; };
		74198F8419C5DADA00927C4C /* embedXcode_prepare */ = {isa = PBXFileReference; lastKnownFileType = "compiled.mach-o.executable"; name = embedXcode_prepare; path = Utilities/embedXcode_prepare; sourceTree = "<group>"; };
		74198F8519C5DADA00927C4C /* embedXcode_check */ = {isa = PBXFileReference; lastKnownFileType = "compiled.mach-o.executable"; name = embedXcode_check; path = Utilities/embedXcode_check; sourceTree = "<group>"; };
		74198F8619C5DADA00927C4C /* embedXcode_chrono */ = {isa = PBXFileReference; lastKnownFileType = "compiled.mach-o.executable"; name = embedXcode_chrono; path = Utilities/embedXcode_chrono; sourceTree = "<group>"; };
		74198F8719C5DADA00927C4C /* embedXcode_debug */ = {isa = PBXFileReference; lastKnownFileType = "compiled.mach-o.executable"; name = embedXcode_debug; path = Utilities/embedXcode_debug; sourceTree = "<group>"; };
		74198F8819C5DADA00927C4C /* ek_lm4f120xl.cfg */ = {isa = PBXFileReference; lastKnownFileType = text; name = ek_lm4f120xl.cfg; path = Utilities/ek_lm4f120xl.cfg; sourceTree = "<group>"; };
		74198F8919C5DADA00927C4C /* cc3200.cfg */ = {isa = PBXFileReference; lastKnownFileType = text; name = cc3200.cfg; path = Utilities/cc3200.cfg; sourceTree = "<group>"; };
		74198F8A19C5DADA00927C4C /* TemplateIcon.icns */ = {isa = PBXFileReference; lastKnownFileType = image.icns; name = TemplateIcon.icns; path = Utilities/TemplateIcon.icns; sourceTree = "<group>"; };
		74198F8B19C5DADA00927C4C /* clupload_osx.sh */ = {isa = PBXFileReference; lastKnownFileType = text.script.sh; name = clupload_osx.sh; path = Utilities/clupload_osx.sh; sourceTree = "<group>"; };
		74198F8C19C5DADA00927C4C /* complisimple.cpp */ = {isa = PBXFileReference; lastKnownFileType = sourcecode.cpp.cpp; path = complisimple.cpp; sourceTree = "<group>"; };
/* End PBXFileReference section */

/* Begin PBXGroup section */
		74198F3F19C5DADA00927C4C = {
			isa = PBXGroup;
			children = (
				74198F5319C5DADA00927C4C /* complisimple */,
				74198F5219C5DADA00927C4C /* Products */,
			);
			sourceTree = "<group>";
		};
		74198F5219C5DADA00927C4C /* Products */ = {
			isa = PBXGroup;
			children = (
				74198F5119C5DADA00927C4C /* Index */,
			);
			name = Products;
			sourceTree = "<group>";
		};
		74198F5319C5DADA00927C4C /* complisimple */ = {
			isa = PBXGroup;
			children = (
				74198F5419C5DADA00927C4C /* main.cpp */,
				74198F5619C5DADA00927C4C /* Makefile */,
				74198F7A19C5DADA00927C4C /* ReadMe.txt */,
				74198F8C19C5DADA00927C4C /* complisimple.cpp */,
				74198F5819C5DADA00927C4C /* Sketchbook */,
				74198F5A19C5DADA00927C4C /* Configurations */,
				74198F6F19C5DADA00927C4C /* Makefiles */,
				74198F7B19C5DADA00927C4C /* About */,
				74198F7D19C5DADA00927C4C /* Utilities */,
			);
			path = complisimple;
			sourceTree = "<group>";
		};
		74198F5819C5DADA00927C4C /* Sketchbook */ = {
			isa = PBXGroup;
			children = (
				74198F5919C5DADA00927C4C /* Sketchbook.txt */,
			);
			name = Sketchbook;
			sourceTree = "<group>";
		};
		74198F5A19C5DADA00927C4C /* Configurations */ = {
			isa = PBXGroup;
			children = (
				74198F5B19C5DADA00927C4C /* Arduino Due.xcconfig */,
				74198F5C19C5DADA00927C4C /* Arduino Duemilanove.xcconfig */,
				74198F5D19C5DADA00927C4C /* Arduino Leonardo.xcconfig */,
				74198F5E19C5DADA00927C4C /* Arduino Mega 2560.xcconfig */,
				74198F5F19C5DADA00927C4C /* Arduino Micro.xcconfig */,
				74198F6019C5DADA00927C4C /* Arduino Pro with ATmega328-3.3V.xcconfig */,
				74198F6119C5DADA00927C4C /* Arduino Pro with ATmega328-5V.xcconfig */,
				74198F6219C5DADA00927C4C /* Arduino Mini with ATmega168.xcconfig */,
				74198F6319C5DADA00927C4C /* Arduino Mini with ATmega328.xcconfig */,
				74198F6419C5DADA00927C4C /* Arduino Nano with ATmega168.xcconfig */,
				74198F6519C5DADA00927C4C /* Arduino Nano with ATmega328.xcconfig */,
				74198F6619C5DADA00927C4C /* Arduino Robot Control.xcconfig */,
				74198F6719C5DADA00927C4C /* Arduino Robot Motor.xcconfig */,
				74198F6819C5DADA00927C4C /* Arduino Uno.xcconfig */,
				74198F6919C5DADA00927C4C /* Arduino Uno (USBtinyISP).xcconfig */,
				74198F6A19C5DADA00927C4C /* Arduino Yun.xcconfig */,
				74198F6B19C5DADA00927C4C /* Arduino Yun (WiFi Ethernet).xcconfig */,
				74198F6C19C5DADA00927C4C /* Intel Galileo.xcconfig */,
				74198F6D19C5DADA00927C4C /* Intel Galileo Gen2.xcconfig */,
				74198F6E19C5DADA00927C4C /* My Board.xcconfig */,
			);
			name = Configurations;
			sourceTree = "<group>";
		};
		74198F6F19C5DADA00927C4C /* Makefiles */ = {
			isa = PBXGroup;
			children = (
				74198F7019C5DADA00927C4C /* Arduino.mk */,
				74198F7119C5DADA00927C4C /* Arduino1.mk */,
				74198F7219C5DADA00927C4C /* Arduino15avr.mk */,
				74198F7319C5DADA00927C4C /* Arduino15sam.mk */,
				74198F7419C5DADA00927C4C /* Arduino23.mk */,
				74198F7519C5DADA00927C4C /* Galileo.mk */,
				74198F7619C5DADA00927C4C /* Step1.mk */,
				74198F7719C5DADA00927C4C /* Step2.mk */,
				74198F7819C5DADA00927C4C /* Avrdude.mk */,
				74198F7919C5DADA00927C4C /* Doxygen.mk */,
			);
			name = Makefiles;
			sourceTree = "<group>";
		};
		74198F7B19C5DADA00927C4C /* About */ = {
			isa = PBXGroup;
			children = (
				74198F7C19C5DADA00927C4C /* About.txt */,
			);
			name = About;
			sourceTree = "<group>";
		};
		74198F7D19C5DADA00927C4C /* Utilities */ = {
			isa = PBXGroup;
			children = (
				74198F7E19C5DADA00927C4C /* reset.py */,
				74198F7F19C5DADA00927C4C /* serial1200.py */,
				74198F8019C5DADA00927C4C /* sshpass */,
				74198F8119C5DADA00927C4C /* pdf.sh */,
				74198F8219C5DADA00927C4C /* dist.sh */,
				74198F8319C5DADA00927C4C /* doxyfile */,
				74198F8419C5DADA00927C4C /* embedXcode_prepare */,
				74198F8519C5DADA00927C4C /* embedXcode_check */,
				74198F8619C5DADA00927C4C /* embedXcode_chrono */,
				74198F8719C5DADA00927C4C /* embedXcode_debug */,
				74198F8819C5DADA00927C4C /* ek_lm4f120xl.cfg */,
				74198F8919C5DADA00927C4C /* cc3200.cfg */,
				74198F8A19C5DADA00927C4C /* TemplateIcon.icns */,
				74198F8B19C5DADA00927C4C /* clupload_osx.sh */,
			);
			name = Utilities;
			sourceTree = "<group>";
		};
/* End PBXGroup section */

/* Begin PBXLegacyTarget section */
		74198F4419C5DADA00927C4C /* All */ = {
			isa = PBXLegacyTarget;
			buildArgumentsString = "all -C \"$(PROJECT)\"";
			buildConfigurationList = 74198F9019C5DADA00927C4C /* Build configuration list for PBXLegacyTarget "All" */;
			buildPhases = (
			);
			buildToolPath = make;
			dependencies = (
			);
			name = All;
			passBuildSettingsInEnvironment = 1;
			productName = All;
		};
		74198F4519C5DADA00927C4C /* Build */ = {
			isa = PBXLegacyTarget;
			buildArgumentsString = "build -C \"$(PROJECT)\"";
			buildConfigurationList = 74198F9319C5DADA00927C4C /* Build configuration list for PBXLegacyTarget "Build" */;
			buildPhases = (
			);
			buildToolPath = make;
			dependencies = (
			);
			name = Build;
			passBuildSettingsInEnvironment = 1;
			productName = Build;
		};
		74198F4619C5DADA00927C4C /* Document */ = {
			isa = PBXLegacyTarget;
			buildArgumentsString = "document -C \"$(PROJECT)\"";
			buildConfigurationList = 74198F9619C5DADA00927C4C /* Build configuration list for PBXLegacyTarget "Document" */;
			buildPhases = (
			);
			buildToolPath = make;
			dependencies = (
			);
			name = Document;
			passBuildSettingsInEnvironment = 1;
			productName = Document;
		};
		74198F4719C5DADA00927C4C /* Distribute */ = {
			isa = PBXLegacyTarget;
			buildArgumentsString = "distribute -C \"$(PROJECT)\"";
			buildConfigurationList = 74198F9919C5DADA00927C4C /* Build configuration list for PBXLegacyTarget "Distribute" */;
			buildPhases = (
			);
			buildToolPath = make;
			dependencies = (
			);
			name = Distribute;
			passBuildSettingsInEnvironment = 1;
			productName = Distribute;
		};
		74198F4819C5DADA00927C4C /* Boards */ = {
			isa = PBXLegacyTarget;
			buildArgumentsString = "boards -C \"$(PROJECT)\"";
			buildConfigurationList = 74198F9C19C5DADA00927C4C /* Build configuration list for PBXLegacyTarget "Boards" */;
			buildPhases = (
			);
			buildToolPath = make;
			dependencies = (
			);
			name = Boards;
			passBuildSettingsInEnvironment = 1;
			productName = Boards;
		};
		74198F4919C5DADA00927C4C /* Serial */ = {
			isa = PBXLegacyTarget;
			buildArgumentsString = "serial -C \"$(PROJECT)\"";
			buildConfigurationList = 74198F9F19C5DADA00927C4C /* Build configuration list for PBXLegacyTarget "Serial" */;
			buildPhases = (
			);
			buildToolPath = make;
			dependencies = (
			);
			name = Serial;
			passBuildSettingsInEnvironment = 1;
			productName = Serial;
		};
		74198F4A19C5DADA00927C4C /* Upload */ = {
			isa = PBXLegacyTarget;
			buildArgumentsString = "upload -C \"$(PROJECT)\"";
			buildConfigurationList = 74198FA219C5DADA00927C4C /* Build configuration list for PBXLegacyTarget "Upload" */;
			buildPhases = (
			);
			buildToolPath = make;
			dependencies = (
			);
			name = Upload;
			passBuildSettingsInEnvironment = 1;
			productName = Upload;
		};
		74198F4B19C5DADA00927C4C /* Clean */ = {
			isa = PBXLegacyTarget;
			buildArgumentsString = "clean -C \"$(PROJECT)\"";
			buildConfigurationList = 74198FA519C5DADA00927C4C /* Build configuration list for PBXLegacyTarget "Clean" */;
			buildPhases = (
			);
			buildToolPath = make;
			dependencies = (
			);
			name = Clean;
			passBuildSettingsInEnvironment = 1;
			productName = Clean;
		};
		74198F4C19C5DADA00927C4C /* Fast */ = {
			isa = PBXLegacyTarget;
			buildArgumentsString = "fast -C \"$(PROJECT)\"";
			buildConfigurationList = 74198FA819C5DADA00927C4C /* Build configuration list for PBXLegacyTarget "Fast" */;
			buildPhases = (
			);
			buildToolPath = make;
			dependencies = (
			);
			name = Fast;
			passBuildSettingsInEnvironment = 1;
			productName = Fast;
		};
		74198F4D19C5DADA00927C4C /* Make */ = {
			isa = PBXLegacyTarget;
			buildArgumentsString = "make -C \"$(PROJECT)\"";
			buildConfigurationList = 74198FAB19C5DADA00927C4C /* Build configuration list for PBXLegacyTarget "Make" */;
			buildPhases = (
			);
			buildToolPath = make;
			dependencies = (
			);
			name = Make;
			passBuildSettingsInEnvironment = 1;
			productName = Make;
		};
		74198F4E19C5DADA00927C4C /* Debug */ = {
			isa = PBXLegacyTarget;
			buildArgumentsString = "debug -C \"$(PROJECT)\"";
			buildConfigurationList = 74198FAE19C5DADA00927C4C /* Build configuration list for PBXLegacyTarget "Debug" */;
			buildPhases = (
			);
			buildToolPath = make;
			dependencies = (
			);
			name = Debug;
			passBuildSettingsInEnvironment = 1;
			productName = Debug;
		};
/* End PBXLegacyTarget section */

/* Begin PBXNativeTarget section */
		74198F5019C5DADA00927C4C /* Index */ = {
			isa = PBXNativeTarget;
			buildConfigurationList = 74198FB119C5DADA00927C4C /* Build configuration list for PBXNativeTarget "Index" */;
			buildPhases = (
				74198F4F19C5DADA00927C4C /* Sources */,
			);
			buildRules = (
			);
			dependencies = (
			);
			name = Index;
			productName = Index;
			productReference = 74198F5119C5DADA00927C4C /* Index */;
			productType = "com.apple.product-type.tool";
		};
/* End PBXNativeTarget section */

/* Begin PBXProject section */
		74198F4019C5DADA00927C4C /* Project object */ = {
			isa = PBXProject;
			attributes = {
				LastUpgradeCheck = 0510;
				ORGANIZATIONNAME = kensign;
			};
			buildConfigurationList = 74198F4319C5DADA00927C4C /* Build configuration list for PBXProject "complisimple" */;
			compatibilityVersion = "Xcode 3.2";
			developmentRegion = English;
			hasScannedForEncodings = 0;
			knownRegions = (
				en,
			);
			mainGroup = 74198F3F19C5DADA00927C4C;
			productRefGroup = 74198F5219C5DADA00927C4C /* Products */;
			projectDirPath = "";
			projectRoot = "";
			targets = (
				74198F4419C5DADA00927C4C /* All */,
				74198F4519C5DADA00927C4C /* Build */,
				74198F4619C5DADA00927C4C /* Document */,
				74198F4719C5DADA00927C4C /* Distribute */,
				74198F4819C5DADA00927C4C /* Boards */,
				74198F4919C5DADA00927C4C /* Serial */,
				74198F4A19C5DADA00927C4C /* Upload */,
				74198F4B19C5DADA00927C4C /* Clean */,
				74198F4C19C5DADA00927C4C /* Fast */,
				74198F4D19C5DADA00927C4C /* Make */,
				74198F4E19C5DADA00927C4C /* Debug */,
				74198F5019C5DADA00927C4C /* Index */,
			);
		};
/* End PBXProject section */

/* Begin PBXSourcesBuildPhase section */
		74198F4F19C5DADA00927C4C /* Sources */ = {
			isa = PBXSourcesBuildPhase;
			buildActionMask = 2147483647;
			files = (
				74198F5719C5DADA00927C4C /* Makefile in Sources */,
				74198F8D19C5DADA00927C4C /* complisimple.cpp in Sources */,
				74198F5519C5DADA00927C4C /* main.cpp in Sources */,
			);
			runOnlyForDeploymentPostprocessing = 0;
		};
/* End PBXSourcesBuildPhase section */

/* Begin XCBuildConfiguration section */
		74198F8E19C5DADA00927C4C /* Debug */ = {
			isa = XCBuildConfiguration;
			baseConfigurationReference = 74198F6819C5DADA00927C4C /* Arduino Uno.xcconfig */;
			buildSettings = {
				ALWAYS_SEARCH_USER_PATHS = NO;
				CLANG_CXX_LANGUAGE_STANDARD = "gnu++0x";
				CLANG_CXX_LIBRARY = "libc++";
				CLANG_ENABLE_MODULES = YES;
				CLANG_ENABLE_OBJC_ARC = YES;
				CLANG_WARN_BOOL_CONVERSION = YES;
				CLANG_WARN_CONSTANT_CONVERSION = YES;
				CLANG_WARN_DIRECT_OBJC_ISA_USAGE = YES_ERROR;
				CLANG_WARN_EMPTY_BODY = YES;
				CLANG_WARN_ENUM_CONVERSION = YES;
				CLANG_WARN_INT_CONVERSION = YES;
				CLANG_WARN_OBJC_ROOT_CLASS = YES_ERROR;
				CLANG_WARN__DUPLICATE_METHOD_MATCH = YES;
				COPY_PHASE_STRIP = NO;
				GCC_C_LANGUAGE_STANDARD = gnu99;
				GCC_DYNAMIC_NO_PIC = NO;
				GCC_OPTIMIZATION_LEVEL = 0;
				GCC_PREPROCESSOR_DEFINITIONS = (
					"DEBUG=1",
					"$(inherited)",
				);
				GCC_SYMBOLS_PRIVATE_EXTERN = NO;
				GCC_WARN_64_TO_32_BIT_CONVERSION = YES;
				GCC_WARN_ABOUT_RETURN_TYPE = YES_ERROR;
				GCC_WARN_UNDECLARED_SELECTOR = YES;
				GCC_WARN_UNINITIALIZED_AUTOS = YES_AGGRESSIVE;
				GCC_WARN_UNUSED_FUNCTION = YES;
				GCC_WARN_UNUSED_VARIABLE = YES;
				HEADER_SEARCH_PATHS = "$(inherited)";
				PATH = "$(PATH):$(PROJECT_DIR)";
				PRODUCT_NAME = "$(TARGET_NAME)";
				SKETCHBOOK_DIR = "";
				SKETCH_EXTENSION = cpp;
			};
			name = Debug;
		};
		74198F8F19C5DADA00927C4C /* Release */ = {
			isa = XCBuildConfiguration;
			buildSettings = {
				ALWAYS_SEARCH_USER_PATHS = NO;
				CLANG_CXX_LANGUAGE_STANDARD = "gnu++0x";
				CLANG_CXX_LIBRARY = "libc++";
				CLANG_ENABLE_MODULES = YES;
				CLANG_ENABLE_OBJC_ARC = YES;
				CLANG_WARN_BOOL_CONVERSION = YES;
				CLANG_WARN_CONSTANT_CONVERSION = YES;
				CLANG_WARN_DIRECT_OBJC_ISA_USAGE = YES_ERROR;
				CLANG_WARN_EMPTY_BODY = YES;
				CLANG_WARN_ENUM_CONVERSION = YES;
				CLANG_WARN_INT_CONVERSION = YES;
				CLANG_WARN_OBJC_ROOT_CLASS = YES_ERROR;
				CLANG_WARN__DUPLICATE_METHOD_MATCH = YES;
				COPY_PHASE_STRIP = YES;
				ENABLE_NS_ASSERTIONS = NO;
				GCC_C_LANGUAGE_STANDARD = gnu99;
				GCC_WARN_64_TO_32_BIT_CONVERSION = YES;
				GCC_WARN_ABOUT_RETURN_TYPE = YES_ERROR;
				GCC_WARN_UNDECLARED_SELECTOR = YES;
				GCC_WARN_UNINITIALIZED_AUTOS = YES_AGGRESSIVE;
				GCC_WARN_UNUSED_FUNCTION = YES;
				GCC_WARN_UNUSED_VARIABLE = YES;
				HEADER_SEARCH_PATHS = "$(inherited)";
				PATH = "$(PATH):$(PROJECT_DIR)";
				PRODUCT_NAME = "$(TARGET_NAME)";
				SKETCHBOOK_DIR = "";
				SKETCH_EXTENSION = cpp;
			};
			name = Release;
		};
		74198F9119C5DADA00927C4C /* Debug */ = {
			isa = XCBuildConfiguration;
			buildSettings = {
				PRODUCT_NAME = "$(TARGET_NAME)";
			};
			name = Debug;
		};
		74198F9219C5DADA00927C4C /* Release */ = {
			isa = XCBuildConfiguration;
			buildSettings = {
				PRODUCT_NAME = "$(TARGET_NAME)";
			};
			name = Release;
		};
		74198F9419C5DADA00927C4C /* Debug */ = {
			isa = XCBuildConfiguration;
			buildSettings = {
			};
			name = Debug;
		};
		74198F9519C5DADA00927C4C /* Release */ = {
			isa = XCBuildConfiguration;
			buildSettings = {
			};
			name = Release;
		};
		74198F9719C5DADA00927C4C /* Debug */ = {
			isa = XCBuildConfiguration;
			buildSettings = {
			};
			name = Debug;
		};
		74198F9819C5DADA00927C4C /* Release */ = {
			isa = XCBuildConfiguration;
			buildSettings = {
			};
			name = Release;
		};
		74198F9A19C5DADA00927C4C /* Debug */ = {
			isa = XCBuildConfiguration;
			buildSettings = {
			};
			name = Debug;
		};
		74198F9B19C5DADA00927C4C /* Release */ = {
			isa = XCBuildConfiguration;
			buildSettings = {
			};
			name = Release;
		};
		74198F9D19C5DADA00927C4C /* Debug */ = {
			isa = XCBuildConfiguration;
			buildSettings = {
			};
			name = Debug;
		};
		74198F9E19C5DADA00927C4C /* Release */ = {
			isa = XCBuildConfiguration;
			buildSettings = {
			};
			name = Release;
		};
		74198FA019C5DADA00927C4C /* Debug */ = {
			isa = XCBuildConfiguration;
			buildSettings = {
			};
			name = Debug;
		};
		74198FA119C5DADA00927C4C /* Release */ = {
			isa = XCBuildConfiguration;
			buildSettings = {
			};
			name = Release;
		};
		74198FA319C5DADA00927C4C /* Debug */ = {
			isa = XCBuildConfiguration;
			buildSettings = {
			};
			name = Debug;
		};
		74198FA419C5DADA00927C4C /* Release */ = {
			isa = XCBuildConfiguration;
			buildSettings = {
			};
			name = Release;
		};
		74198FA619C5DADA00927C4C /* Debug */ = {
			isa = XCBuildConfiguration;
			buildSettings = {
			};
			name = Debug;
		};
		74198FA719C5DADA00927C4C /* Release */ = {
			isa = XCBuildConfiguration;
			buildSettings = {
			};
			name = Release;
		};
		74198FA919C5DADA00927C4C /* Debug */ = {
			isa = XCBuildConfiguration;
			buildSettings = {
			};
			name = Debug;
		};
		74198FAA19C5DADA00927C4C /* Release */ = {
			isa = XCBuildConfiguration;
			buildSettings = {
			};
			name = Release;
		};
		74198FAC19C5DADA00927C4C /* Debug */ = {
			isa = XCBuildConfiguration;
			buildSettings = {
			};
			name = Debug;
		};
		74198FAD19C5DADA00927C4C /* Release */ = {
			isa = XCBuildConfiguration;
			buildSettings = {
			};
			name = Release;
		};
		74198FAF19C5DADA00927C4C /* Debug */ = {
			isa = XCBuildConfiguration;
			buildSettings = {
			};
			name = Debug;
		};
		74198FB019C5DADA00927C4C /* Release */ = {
			isa = XCBuildConfiguration;
			buildSettings = {
			};
			name = Release;
		};
		74198FB219C5DADA00927C4C /* Debug */ = {
			isa = XCBuildConfiguration;
			buildSettings = {
			};
			name = Debug;
		};
		74198FB319C5DADA00927C4C /* Release */ = {
			isa = XCBuildConfiguration;
			buildSettings = {
			};
			name = Release;
		};
/* End XCBuildConfiguration section */

/* Begin XCConfigurationList section */
		74198F4319C5DADA00927C4C /* Build configuration list for PBXProject "complisimple" */ = {
			isa = XCConfigurationList;
			buildConfigurations = (
				74198F8E19C5DADA00927C4C /* Debug */,
				74198F8F19C5DADA00927C4C /* Release */,
			);
			defaultConfigurationIsVisible = 0;
			defaultConfigurationName = Release;
		};
		74198F9019C5DADA00927C4C /* Build configuration list for PBXLegacyTarget "All" */ = {
			isa = XCConfigurationList;
			buildConfigurations = (
				74198F9119C5DADA00927C4C /* Debug */,
				74198F9219C5DADA00927C4C /* Release */,
			);
			defaultConfigurationIsVisible = 0;
		};
		74198F9319C5DADA00927C4C /* Build configuration list for PBXLegacyTarget "Build" */ = {
			isa = XCConfigurationList;
			buildConfigurations = (
				74198F9419C5DADA00927C4C /* Debug */,
				74198F9519C5DADA00927C4C /* Release */,
			);
			defaultConfigurationIsVisible = 0;
		};
		74198F9619C5DADA00927C4C /* Build configuration list for PBXLegacyTarget "Document" */ = {
			isa = XCConfigurationList;
			buildConfigurations = (
				74198F9719C5DADA00927C4C /* Debug */,
				74198F9819C5DADA00927C4C /* Release */,
			);
			defaultConfigurationIsVisible = 0;
		};
		74198F9919C5DADA00927C4C /* Build configuration list for PBXLegacyTarget "Distribute" */ = {
			isa = XCConfigurationList;
			buildConfigurations = (
				74198F9A19C5DADA00927C4C /* Debug */,
				74198F9B19C5DADA00927C4C /* Release */,
			);
			defaultConfigurationIsVisible = 0;
		};
		74198F9C19C5DADA00927C4C /* Build configuration list for PBXLegacyTarget "Boards" */ = {
			isa = XCConfigurationList;
			buildConfigurations = (
				74198F9D19C5DADA00927C4C /* Debug */,
				74198F9E19C5DADA00927C4C /* Release */,
			);
			defaultConfigurationIsVisible = 0;
		};
		74198F9F19C5DADA00927C4C /* Build configuration list for PBXLegacyTarget "Serial" */ = {
			isa = XCConfigurationList;
			buildConfigurations = (
				74198FA019C5DADA00927C4C /* Debug */,
				74198FA119C5DADA00927C4C /* Release */,
			);
			defaultConfigurationIsVisible = 0;
		};
		74198FA219C5DADA00927C4C /* Build configuration list for PBXLegacyTarget "Upload" */ = {
			isa = XCConfigurationList;
			buildConfigurations = (
				74198FA319C5DADA00927C4C /* Debug */,
				74198FA419C5DADA00927C4C /* Release */,
			);
			defaultConfigurationIsVisible = 0;
		};
		74198FA519C5DADA00927C4C /* Build configuration list for PBXLegacyTarget "Clean" */ = {
			isa = XCConfigurationList;
			buildConfigurations = (
				74198FA619C5DADA00927C4C /* Debug */,
				74198FA719C5DADA00927C4C /* Release */,
			);
			defaultConfigurationIsVisible = 0;
		};
		74198FA819C5DADA00927C4C /* Build configuration list for PBXLegacyTarget "Fast" */ = {
			isa = XCConfigurationList;
			buildConfigurations = (
				74198FA919C5DADA00927C4C /* Debug */,
				74198FAA19C5DADA00927C4C /* Release */,
			);
			defaultConfigurationIsVisible = 0;
		};
		74198FAB19C5DADA00927C4C /* Build configuration list for PBXLegacyTarget "Make" */ = {
			isa = XCConfigurationList;
			buildConfigurations = (
				74198FAC19C5DADA00927C4C /* Debug */,
				74198FAD19C5DADA00927C4C /* Release */,
			);
			defaultConfigurationIsVisible = 0;
		};
		74198FAE19C5DADA00927C4C /* Build configuration list for PBXLegacyTarget "Debug" */ = {
			isa = XCConfigurationList;
			buildConfigurations = (
				74198FAF19C5DADA00927C4C /* Debug */,
				74198FB019C5DADA00927C4C /* Release */,
			);
			defaultConfigurationIsVisible = 0;
		};
		74198FB119C5DADA00927C4C /* Build configuration list for PBXNativeTarget "Index" */ = {
			isa = XCConfigurationList;
			buildConfigurations = (
				74198FB219C5DADA00927C4C /* Debug */,
				74198FB319C5DADA00927C4C /* Release */,
			);
			defaultConfigurationIsVisible = 0;
		};
/* End XCConfigurationList section */
	};
	rootObject = 74198F4019C5DADA00927C4C /* Project object */;
}
